
Microsoft Visual Studio Solution File, Format Version 12.00
# Visual Studio Version 17
VisualStudioVersion = 17.8.34309.116
MinimumVisualStudioVersion = 10.0.40219.1
Project("{FAE04EC0-301F-11D3-BF4B-00C04F79EFBC}") = "Task1", "Task1\Task1.csproj", "{253C98BB-3F82-4478-8E2D-A6C3594F04C5}"
EndProject
Project("{FAE04EC0-301F-11D3-BF4B-00C04F79EFBC}") = "Task2", "Task2\Task2.csproj", "{4EE699E0-9F01-40DF-A53C-F45F81E4BC8C}"
EndProject
Global
	GlobalSection(SolutionConfigurationPlatforms) = preSolution
		Debug|Any CPU = Debug|Any CPU
		Release|Any CPU = Release|Any CPU
	EndGlobalSection
	GlobalSection(ProjectConfigurationPlatforms) = postSolution
		{253C98BB-3F82-4478-8E2D-A6C3594F04C5}.Debug|Any CPU.ActiveCfg = Debug|Any CPU
		{253C98BB-3F82-4478-8E2D-A6C3594F04C5}.Debug|Any CPU.Build.0 = Debug|Any CPU
		{253C98BB-3F82-4478-8E2D-A6C3594F04C5}.Release|Any CPU.ActiveCfg = Release|Any CPU
		{253C98BB-3F82-4478-8E2D-A6C3594F04C5}.Release|Any CPU.Build.0 = Release|Any CPU
		{4EE699E0-9F01-40DF-A53C-F45F81E4BC8C}.Debug|Any CPU.ActiveCfg = Debug|Any CPU
		{4EE699E0-9F01-40DF-A53C-F45F81E4BC8C}.Debug|Any CPU.Build.0 = Debug|Any CPU
		{4EE699E0-9F01-40DF-A53C-F45F81E4BC8C}.Release|Any CPU.ActiveCfg = Release|Any CPU
		{4EE699E0-9F01-40DF-A53C-F45F81E4BC8C}.Release|Any CPU.Build.0 = Release|Any CPU
	EndGlobalSection
	GlobalSection(SolutionProperties) = preSolution
		HideSolutionNode = FALSE
	EndGlobalSection
	GlobalSection(ExtensibilityGlobals) = postSolution
		SolutionGuid = {9A2810B5-8618-49C0-A290-E4EBC8B18F8F}
	EndGlobalSection
EndGlobal
